
Microsoft Visual Studio Solution File, Format Version 12.00
# Visual Studio 15
VisualStudioVersion = 15.0.28010.2003
MinimumVisualStudioVersion = 10.0.40219.1
Project("{FAE04EC0-301F-11D3-BF4B-00C04F79EFBC}") = "Delegates_Lambdas_Events", "Delegates_Lambdas_Events\Delegates_Lambdas_Events.csproj", "{DD389A8D-116D-4C15-8996-FD9673A8F0AD}"
EndProject
Global
	GlobalSection(SolutionConfigurationPlatforms) = preSolution
		Debug|Any CPU = Debug|Any CPU
		Release|Any CPU = Release|Any CPU
	EndGlobalSection
	GlobalSection(ProjectConfigurationPlatforms) = postSolution
		{DD389A8D-116D-4C15-8996-FD9673A8F0AD}.Debug|Any CPU.ActiveCfg = Debug|Any CPU
		{DD389A8D-116D-4C15-8996-FD9673A8F0AD}.Debug|Any CPU.Build.0 = Debug|Any CPU
		{DD389A8D-116D-4C15-8996-FD9673A8F0AD}.Release|Any CPU.ActiveCfg = Release|Any CPU
		{DD389A8D-116D-4C15-8996-FD9673A8F0AD}.Release|Any CPU.Build.0 = Release|Any CPU
	EndGlobalSection
	GlobalSection(SolutionProperties) = preSolution
		HideSolutionNode = FALSE
	EndGlobalSection
	GlobalSection(ExtensibilityGlobals) = postSolution
		SolutionGuid = {1A395FBE-29D9-4116-B1BC-0CBD7CDBA843}
	EndGlobalSection
EndGlobal
